
Microsoft Visual Studio Solution File, Format Version 12.00
# Visual Studio Version 17
VisualStudioVersion = 17.4.33122.133
MinimumVisualStudioVersion = 10.0.40219.1
Project("{FAE04EC0-301F-11D3-BF4B-00C04F79EFBC}") = "Student_Registration", "Student_Registration\Student_Registration.csproj", "{A9F8572E-A290-459C-BD78-B44CEEAC2D4D}"
EndProject
Global
	GlobalSection(SolutionConfigurationPlatforms) = preSolution
		Debug|Any CPU = Debug|Any CPU
		Release|Any CPU = Release|Any CPU
	EndGlobalSection
	GlobalSection(ProjectConfigurationPlatforms) = postSolution
		{A9F8572E-A290-459C-BD78-B44CEEAC2D4D}.Debug|Any CPU.ActiveCfg = Debug|Any CPU
		{A9F8572E-A290-459C-BD78-B44CEEAC2D4D}.Debug|Any CPU.Build.0 = Debug|Any CPU
		{A9F8572E-A290-459C-BD78-B44CEEAC2D4D}.Release|Any CPU.ActiveCfg = Release|Any CPU
		{A9F8572E-A290-459C-BD78-B44CEEAC2D4D}.Release|Any CPU.Build.0 = Release|Any CPU
	EndGlobalSection
	GlobalSection(SolutionProperties) = preSolution
		HideSolutionNode = FALSE
	EndGlobalSection
	GlobalSection(ExtensibilityGlobals) = postSolution
		SolutionGuid = {05C67315-FF00-46FF-93EA-E26AB2E4D9CA}
	EndGlobalSection
EndGlobal
